// !$*UTF8*$!
{
	archiveVersion = 1;
	classes = {
	};
	objectVersion = 50;
	objects = {

/* Begin PBXBuildFile section */
		EA55AAD824DC5D1700A2B92C /* AppDelegate.swift in Sources */ = {isa = PBXBuildFile; fileRef = EA55AAD724DC5D1700A2B92C /* AppDelegate.swift */; };
		EA55AADA24DC5D1700A2B92C /* SceneDelegate.swift in Sources */ = {isa = PBXBuildFile; fileRef = EA55AAD924DC5D1700A2B92C /* SceneDelegate.swift */; };
		EA55AADC24DC5D1700A2B92C /* ViewController.swift in Sources */ = {isa = PBXBuildFile; fileRef = EA55AADB24DC5D1700A2B92C /* ViewController.swift */; };
		EA55AADF24DC5D1700A2B92C /* Main.storyboard in Resources */ = {isa = PBXBuildFile; fileRef = EA55AADD24DC5D1700A2B92C /* Main.storyboard */; };
		EA55AAE124DC5D1900A2B92C /* Assets.xcassets in Resources */ = {isa = PBXBuildFile; fileRef = EA55AAE024DC5D1900A2B92C /* Assets.xcassets */; };
		EA55AAE424DC5D1900A2B92C /* LaunchScreen.storyboard in Resources */ = {isa = PBXBuildFile; fileRef = EA55AAE224DC5D1900A2B92C /* LaunchScreen.storyboard */; };
		EA55AAEF24DC5D1900A2B92C /* Aisha_s_Tabbed_AppTests.swift in Sources */ = {isa = PBXBuildFile; fileRef = EA55AAEE24DC5D1900A2B92C /* Aisha_s_Tabbed_AppTests.swift */; };
		EA55AAFA24DC5D1900A2B92C /* Aisha_s_Tabbed_AppUITests.swift in Sources */ = {isa = PBXBuildFile; fileRef = EA55AAF924DC5D1900A2B92C /* Aisha_s_Tabbed_AppUITests.swift */; };
		EA55AB0824DC5F9C00A2B92C /* chrollo.png in Resources */ = {isa = PBXBuildFile; fileRef = EA55AB0724DC5F9C00A2B92C /* chrollo.png */; };
		EA55AB0A24DC5FDA00A2B92C /* aisha.png in Resources */ = {isa = PBXBuildFile; fileRef = EA55AB0924DC5FDA00A2B92C /* aisha.png */; };
/* End PBXBuildFile section */

/* Begin PBXContainerItemProxy section */
		EA55AAEB24DC5D1900A2B92C /* PBXContainerItemProxy */ = {
			isa = PBXContainerItemProxy;
			containerPortal = EA55AACC24DC5D1700A2B92C /* Project object */;
			proxyType = 1;
			remoteGlobalIDString = EA55AAD324DC5D1700A2B92C;
			remoteInfo = "Aisha's Tabbed App";
		};
		EA55AAF624DC5D1900A2B92C /* PBXContainerItemProxy */ = {
			isa = PBXContainerItemProxy;
			containerPortal = EA55AACC24DC5D1700A2B92C /* Project object */;
			proxyType = 1;
			remoteGlobalIDString = EA55AAD324DC5D1700A2B92C;
			remoteInfo = "Aisha's Tabbed App";
		};
/* End PBXContainerItemProxy section */

/* Begin PBXFileReference section */
		EA55AAD424DC5D1700A2B92C /* Aisha's Tabbed App.app */ = {isa = PBXFileReference; explicitFileType = wrapper.application; includeInIndex = 0; path = "Aisha's Tabbed App.app"; sourceTree = BUILT_PRODUCTS_DIR; };
		EA55AAD724DC5D1700A2B92C /* AppDelegate.swift */ = {isa = PBXFileReference; lastKnownFileType = sourcecode.swift; path = AppDelegate.swift; sourceTree = "<group>"; };
		EA55AAD924DC5D1700A2B92C /* SceneDelegate.swift */ = {isa = PBXFileReference; lastKnownFileType = sourcecode.swift; path = SceneDelegate.swift; sourceTree = "<group>"; };
		EA55AADB24DC5D1700A2B92C /* ViewController.swift */ = {isa = PBXFileReference; lastKnownFileType = sourcecode.swift; path = ViewController.swift; sourceTree = "<group>"; };
		EA55AADE24DC5D1700A2B92C /* Base */ = {isa = PBXFileReference; lastKnownFileType = file.storyboard; name = Base; path = Base.lproj/Main.storyboard; sourceTree = "<group>"; };
		EA55AAE024DC5D1900A2B92C /* Assets.xcassets */ = {isa = PBXFileReference; lastKnownFileType = folder.assetcatalog; path = Assets.xcassets; sourceTree = "<group>"; };
		EA55AAE324DC5D1900A2B92C /* Base */ = {isa = PBXFileReference; lastKnownFileType = file.storyboard; name = Base; path = Base.lproj/LaunchScreen.storyboard; sourceTree = "<group>"; };
		EA55AAE524DC5D1900A2B92C /* Info.plist */ = {isa = PBXFileReference; lastKnownFileType = text.plist.xml; path = Info.plist; sourceTree = "<group>"; };
		EA55AAEA24DC5D1900A2B92C /* Aisha's Tabbed AppTests.xctest */ = {isa = PBXFileReference; explicitFileType = wrapper.cfbundle; includeInIndex = 0; path = "Aisha's Tabbed AppTests.xctest"; sourceTree = BUILT_PRODUCTS_DIR; };
		EA55AAEE24DC5D1900A2B92C /* Aisha_s_Tabbed_AppTests.swift */ = {isa = PBXFileReference; lastKnownFileType = sourcecode.swift; path = Aisha_s_Tabbed_AppTests.swift; sourceTree = "<group>"; };
		EA55AAF024DC5D1900A2B92C /* Info.plist */ = {isa = PBXFileReference; lastKnownFileType = text.plist.xml; path = Info.plist; sourceTree = "<group>"; };
		EA55AAF524DC5D1900A2B92C /* Aisha's Tabbed AppUITests.xctest */ = {isa = PBXFileReference; explicitFileType = wrapper.cfbundle; includeInIndex = 0; path = "Aisha's Tabbed AppUITests.xctest"; sourceTree = BUILT_PRODUCTS_DIR; };
		EA55AAF924DC5D1900A2B92C /* Aisha_s_Tabbed_AppUITests.swift */ = {isa = PBXFileReference; lastKnownFileType = sourcecode.swift; path = Aisha_s_Tabbed_AppUITests.swift; sourceTree = "<group>"; };
		EA55AAFB24DC5D1900A2B92C /* Info.plist */ = {isa = PBXFileReference; lastKnownFileType = text.plist.xml; path = Info.plist; sourceTree = "<group>"; };
		EA55AB0724DC5F9C00A2B92C /* chrollo.png */ = {isa = PBXFileReference; lastKnownFileType = image.png; path = chrollo.png; sourceTree = "<group>"; };
		EA55AB0924DC5FDA00A2B92C /* aisha.png */ = {isa = PBXFileReference; lastKnownFileType = image.png; path = aisha.png; sourceTree = "<group>"; };
/* End PBXFileReference section */

/* Begin PBXFrameworksBuildPhase section */
		EA55AAD124DC5D1700A2B92C /* Frameworks */ = {
			isa = PBXFrameworksBuildPhase;
			buildActionMask = 2147483647;
			files = (
			);
			runOnlyForDeploymentPostprocessing = 0;
		};
		EA55AAE724DC5D1900A2B92C /* Frameworks */ = {
			isa = PBXFrameworksBuildPhase;
			buildActionMask = 2147483647;
			files = (
			);
			runOnlyForDeploymentPostprocessing = 0;
		};
		EA55AAF224DC5D1900A2B92C /* Frameworks */ = {
			isa = PBXFrameworksBuildPhase;
			buildActionMask = 2147483647;
			files = (
			);
			runOnlyForDeploymentPostprocessing = 0;
		};
/* End PBXFrameworksBuildPhase section */

/* Begin PBXGroup section */
		EA55AACB24DC5D1700A2B92C = {
			isa = PBXGroup;
			children = (
				EA55AAD624DC5D1700A2B92C /* Aisha's Tabbed App */,
				EA55AAED24DC5D1900A2B92C /* Aisha's Tabbed AppTests */,
				EA55AAF824DC5D1900A2B92C /* Aisha's Tabbed AppUITests */,
				EA55AAD524DC5D1700A2B92C /* Products */,
			);
			sourceTree = "<group>";
		};
		EA55AAD524DC5D1700A2B92C /* Products */ = {
			isa = PBXGroup;
			children = (
				EA55AAD424DC5D1700A2B92C /* Aisha's Tabbed App.app */,
				EA55AAEA24DC5D1900A2B92C /* Aisha's Tabbed AppTests.xctest */,
				EA55AAF524DC5D1900A2B92C /* Aisha's Tabbed AppUITests.xctest */,
			);
			name = Products;
			sourceTree = "<group>";
		};
		EA55AAD624DC5D1700A2B92C /* Aisha's Tabbed App */ = {
			isa = PBXGroup;
			children = (
				EA55AAD724DC5D1700A2B92C /* AppDelegate.swift */,
				EA55AAD924DC5D1700A2B92C /* SceneDelegate.swift */,
				EA55AADB24DC5D1700A2B92C /* ViewController.swift */,
				EA55AADD24DC5D1700A2B92C /* Main.storyboard */,
				EA55AB0924DC5FDA00A2B92C /* aisha.png */,
				EA55AB0724DC5F9C00A2B92C /* chrollo.png */,
				EA55AAE024DC5D1900A2B92C /* Assets.xcassets */,
				EA55AAE224DC5D1900A2B92C /* LaunchScreen.storyboard */,
				EA55AAE524DC5D1900A2B92C /* Info.plist */,
			);
			path = "Aisha's Tabbed App";
			sourceTree = "<group>";
		};
		EA55AAED24DC5D1900A2B92C /* Aisha's Tabbed AppTests */ = {
			isa = PBXGroup;
			children = (
				EA55AAEE24DC5D1900A2B92C /* Aisha_s_Tabbed_AppTests.swift */,
				EA55AAF024DC5D1900A2B92C /* Info.plist */,
			);
			path = "Aisha's Tabbed AppTests";
			sourceTree = "<group>";
		};
		EA55AAF824DC5D1900A2B92C /* Aisha's Tabbed AppUITests */ = {
			isa = PBXGroup;
			children = (
				EA55AAF924DC5D1900A2B92C /* Aisha_s_Tabbed_AppUITests.swift */,
				EA55AAFB24DC5D1900A2B92C /* Info.plist */,
			);
			path = "Aisha's Tabbed AppUITests";
			sourceTree = "<group>";
		};
/* End PBXGroup section */

/* Begin PBXNativeTarget section */
		EA55AAD324DC5D1700A2B92C /* Aisha's Tabbed App */ = {
			isa = PBXNativeTarget;
			buildConfigurationList = EA55AAFE24DC5D1900A2B92C /* Build configuration list for PBXNativeTarget "Aisha's Tabbed App" */;
			buildPhases = (
				EA55AAD024DC5D1700A2B92C /* Sources */,
				EA55AAD124DC5D1700A2B92C /* Frameworks */,
				EA55AAD224DC5D1700A2B92C /* Resources */,
			);
			buildRules = (
			);
			dependencies = (
			);
			name = "Aisha's Tabbed App";
			productName = "Aisha's Tabbed App";
			productReference = EA55AAD424DC5D1700A2B92C /* Aisha's Tabbed App.app */;
			productType = "com.apple.product-type.application";
		};
		EA55AAE924DC5D1900A2B92C /* Aisha's Tabbed AppTests */ = {
			isa = PBXNativeTarget;
			buildConfigurationList = EA55AB0124DC5D1900A2B92C /* Build configuration list for PBXNativeTarget "Aisha's Tabbed AppTests" */;
			buildPhases = (
				EA55AAE624DC5D1900A2B92C /* Sources */,
				EA55AAE724DC5D1900A2B92C /* Frameworks */,
				EA55AAE824DC5D1900A2B92C /* Resources */,
			);
			buildRules = (
			);
			dependencies = (
				EA55AAEC24DC5D1900A2B92C /* PBXTargetDependency */,
			);
			name = "Aisha's Tabbed AppTests";
			productName = "Aisha's Tabbed AppTests";
			productReference = EA55AAEA24DC5D1900A2B92C /* Aisha's Tabbed AppTests.xctest */;
			productType = "com.apple.product-type.bundle.unit-test";
		};
		EA55AAF424DC5D1900A2B92C /* Aisha's Tabbed AppUITests */ = {
			isa = PBXNativeTarget;
			buildConfigurationList = EA55AB0424DC5D1900A2B92C /* Build configuration list for PBXNativeTarget "Aisha's Tabbed AppUITests" */;
			buildPhases = (
				EA55AAF124DC5D1900A2B92C /* Sources */,
				EA55AAF224DC5D1900A2B92C /* Frameworks */,
				EA55AAF324DC5D1900A2B92C /* Resources */,
			);
			buildRules = (
			);
			dependencies = (
				EA55AAF724DC5D1900A2B92C /* PBXTargetDependency */,
			);
			name = "Aisha's Tabbed AppUITests";
			productName = "Aisha's Tabbed AppUITests";
			productReference = EA55AAF524DC5D1900A2B92C /* Aisha's Tabbed AppUITests.xctest */;
			productType = "com.apple.product-type.bundle.ui-testing";
		};
/* End PBXNativeTarget section */

/* Begin PBXProject section */
		EA55AACC24DC5D1700A2B92C /* Project object */ = {
			isa = PBXProject;
			attributes = {
				LastSwiftUpdateCheck = 1130;
				LastUpgradeCheck = 1130;
				ORGANIZATIONNAME = "Aisha Mohammed";
				TargetAttributes = {
					EA55AAD324DC5D1700A2B92C = {
						CreatedOnToolsVersion = 11.3.1;
					};
					EA55AAE924DC5D1900A2B92C = {
						CreatedOnToolsVersion = 11.3.1;
						TestTargetID = EA55AAD324DC5D1700A2B92C;
					};
					EA55AAF424DC5D1900A2B92C = {
						CreatedOnToolsVersion = 11.3.1;
						TestTargetID = EA55AAD324DC5D1700A2B92C;
					};
				};
			};
			buildConfigurationList = EA55AACF24DC5D1700A2B92C /* Build configuration list for PBXProject "Aisha's Tabbed App" */;
			compatibilityVersion = "Xcode 9.3";
			developmentRegion = en;
			hasScannedForEncodings = 0;
			knownRegions = (
				en,
				Base,
			);
			mainGroup = EA55AACB24DC5D1700A2B92C;
			productRefGroup = EA55AAD524DC5D1700A2B92C /* Products */;
			projectDirPath = "";
			projectRoot = "";
			targets = (
				EA55AAD324DC5D1700A2B92C /* Aisha's Tabbed App */,
				EA55AAE924DC5D1900A2B92C /* Aisha's Tabbed AppTests */,
				EA55AAF424DC5D1900A2B92C /* Aisha's Tabbed AppUITests */,
			);
		};
/* End PBXProject section */

/* Begin PBXResourcesBuildPhase section */
		EA55AAD224DC5D1700A2B92C /* Resources */ = {
			isa = PBXResourcesBuildPhase;
			buildActionMask = 2147483647;
			files = (
				EA55AAE424DC5D1900A2B92C /* LaunchScreen.storyboard in Resources */,
				EA55AB0824DC5F9C00A2B92C /* chrollo.png in Resources */,
				EA55AAE124DC5D1900A2B92C /* Assets.xcassets in Resources */,
				EA55AB0A24DC5FDA00A2B92C /* aisha.png in Resources */,
				EA55AADF24DC5D1700A2B92C /* Main.storyboard in Resources */,
			);
			runOnlyForDeploymentPostprocessing = 0;
		};
		EA55AAE824DC5D1900A2B92C /* Resources */ = {
			isa = PBXResourcesBuildPhase;
			buildActionMask = 2147483647;
			files = (
			);
			runOnlyForDeploymentPostprocessing = 0;
		};
		EA55AAF324DC5D1900A2B92C /* Resources */ = {
			isa = PBXResourcesBuildPhase;
			buildActionMask = 2147483647;
			files = (
			);
			runOnlyForDeploymentPostprocessing = 0;
		};
/* End PBXResourcesBuildPhase section */

/* Begin PBXSourcesBuildPhase section */
		EA55AAD024DC5D1700A2B92C /* Sources */ = {
			isa = PBXSourcesBuildPhase;
			buildActionMask = 2147483647;
			files = (
				EA55AADC24DC5D1700A2B92C /* ViewController.swift in Sources */,
				EA55AAD824DC5D1700A2B92C /* AppDelegate.swift in Sources */,
				EA55AADA24DC5D1700A2B92C /* SceneDelegate.swift in Sources */,
			);
			runOnlyForDeploymentPostprocessing = 0;
		};
		EA55AAE624DC5D1900A2B92C /* Sources */ = {
			isa = PBXSourcesBuildPhase;
			buildActionMask = 2147483647;
			files = (
				EA55AAEF24DC5D1900A2B92C /* Aisha_s_Tabbed_AppTests.swift in Sources */,
			);
			runOnlyForDeploymentPostprocessing = 0;
		};
		EA55AAF124DC5D1900A2B92C /* Sources */ = {
			isa = PBXSourcesBuildPhase;
			buildActionMask = 2147483647;
			files = (
				EA55AAFA24DC5D1900A2B92C /* Aisha_s_Tabbed_AppUITests.swift in Sources */,
			);
			runOnlyForDeploymentPostprocessing = 0;
		};
/* End PBXSourcesBuildPhase section */

/* Begin PBXTargetDependency section */
		EA55AAEC24DC5D1900A2B92C /* PBXTargetDependency */ = {
			isa = PBXTargetDependency;
			target = EA55AAD324DC5D1700A2B92C /* Aisha's Tabbed App */;
			targetProxy = EA55AAEB24DC5D1900A2B92C /* PBXContainerItemProxy */;
		};
		EA55AAF724DC5D1900A2B92C /* PBXTargetDependency */ = {
			isa = PBXTargetDependency;
			target = EA55AAD324DC5D1700A2B92C /* Aisha's Tabbed App */;
			targetProxy = EA55AAF624DC5D1900A2B92C /* PBXContainerItemProxy */;
		};
/* End PBXTargetDependency section */

/* Begin PBXVariantGroup section */
		EA55AADD24DC5D1700A2B92C /* Main.storyboard */ = {
			isa = PBXVariantGroup;
			children = (
				EA55AADE24DC5D1700A2B92C /* Base */,
			);
			name = Main.storyboard;
			sourceTree = "<group>";
		};
		EA55AAE224DC5D1900A2B92C /* LaunchScreen.storyboard */ = {
			isa = PBXVariantGroup;
			children = (
				EA55AAE324DC5D1900A2B92C /* Base */,
			);
			name = LaunchScreen.storyboard;
			sourceTree = "<group>";
		};
/* End PBXVariantGroup section */

/* Begin XCBuildConfiguration section */
		EA55AAFC24DC5D1900A2B92C /* Debug */ = {
			isa = XCBuildConfiguration;
			buildSettings = {
				ALWAYS_SEARCH_USER_PATHS = NO;
				CLANG_ANALYZER_NONNULL = YES;
				CLANG_ANALYZER_NUMBER_OBJECT_CONVERSION = YES_AGGRESSIVE;
				CLANG_CXX_LANGUAGE_STANDARD = "gnu++14";
				CLANG_CXX_LIBRARY = "libc++";
				CLANG_ENABLE_MODULES = YES;
				CLANG_ENABLE_OBJC_ARC = YES;
				CLANG_ENABLE_OBJC_WEAK = YES;
				CLANG_WARN_BLOCK_CAPTURE_AUTORELEASING = YES;
				CLANG_WARN_BOOL_CONVERSION = YES;
				CLANG_WARN_COMMA = YES;
				CLANG_WARN_CONSTANT_CONVERSION = YES;
				CLANG_WARN_DEPRECATED_OBJC_IMPLEMENTATIONS = YES;
				CLANG_WARN_DIRECT_OBJC_ISA_USAGE = YES_ERROR;
				CLANG_WARN_DOCUMENTATION_COMMENTS = YES;
				CLANG_WARN_EMPTY_BODY = YES;
				CLANG_WARN_ENUM_CONVERSION = YES;
				CLANG_WARN_INFINITE_RECURSION = YES;
				CLANG_WARN_INT_CONVERSION = YES;
				CLANG_WARN_NON_LITERAL_NULL_CONVERSION = YES;
				CLANG_WARN_OBJC_IMPLICIT_RETAIN_SELF = YES;
				CLANG_WARN_OBJC_LITERAL_CONVERSION = YES;
				CLANG_WARN_OBJC_ROOT_CLASS = YES_ERROR;
				CLANG_WARN_RANGE_LOOP_ANALYSIS = YES;
				CLANG_WARN_STRICT_PROTOTYPES = YES;
				CLANG_WARN_SUSPICIOUS_MOVE = YES;
				CLANG_WARN_UNGUARDED_AVAILABILITY = YES_AGGRESSIVE;
				CLANG_WARN_UNREACHABLE_CODE = YES;
				CLANG_WARN__DUPLICATE_METHOD_MATCH = YES;
				COPY_PHASE_STRIP = NO;
				DEBUG_INFORMATION_FORMAT = dwarf;
				ENABLE_STRICT_OBJC_MSGSEND = YES;
				ENABLE_TESTABILITY = YES;
				GCC_C_LANGUAGE_STANDARD = gnu11;
				GCC_DYNAMIC_NO_PIC = NO;
				GCC_NO_COMMON_BLOCKS = YES;
				GCC_OPTIMIZATION_LEVEL = 0;
				GCC_PREPROCESSOR_DEFINITIONS = (
					"DEBUG=1",
					"$(inherited)",
				);
				GCC_WARN_64_TO_32_BIT_CONVERSION = YES;
				GCC_WARN_ABOUT_RETURN_TYPE = YES_ERROR;
				GCC_WARN_UNDECLARED_SELECTOR = YES;
				GCC_WARN_UNINITIALIZED_AUTOS = YES_AGGRESSIVE;
				GCC_WARN_UNUSED_FUNCTION = YES;
				GCC_WARN_UNUSED_VARIABLE = YES;
				IPHONEOS_DEPLOYMENT_TARGET = 13.2;
				MTL_ENABLE_DEBUG_INFO = INCLUDE_SOURCE;
				MTL_FAST_MATH = YES;
				ONLY_ACTIVE_ARCH = YES;
				SDKROOT = iphoneos;
				SWIFT_ACTIVE_COMPILATION_CONDITIONS = DEBUG;
				SWIFT_OPTIMIZATION_LEVEL = "-Onone";
			};
			name = Debug;
		};
		EA55AAFD24DC5D1900A2B92C /* Release */ = {
			isa = XCBuildConfiguration;
			buildSettings = {
				ALWAYS_SEARCH_USER_PATHS = NO;
				CLANG_ANALYZER_NONNULL = YES;
				CLANG_ANALYZER_NUMBER_OBJECT_CONVERSION = YES_AGGRESSIVE;
				CLANG_CXX_LANGUAGE_STANDARD = "gnu++14";
				CLANG_CXX_LIBRARY = "libc++";
				CLANG_ENABLE_MODULES = YES;
				CLANG_ENABLE_OBJC_ARC = YES;
				CLANG_ENABLE_OBJC_WEAK = YES;
				CLANG_WARN_BLOCK_CAPTURE_AUTORELEASING = YES;
				CLANG_WARN_BOOL_CONVERSION = YES;
				CLANG_WARN_COMMA = YES;
				CLANG_WARN_CONSTANT_CONVERSION = YES;
				CLANG_WARN_DEPRECATED_OBJC_IMPLEMENTATIONS = YES;
				CLANG_WARN_DIRECT_OBJC_ISA_USAGE = YES_ERROR;
				CLANG_WARN_DOCUMENTATION_COMMENTS = YES;
				CLANG_WARN_EMPTY_BODY = YES;
				CLANG_WARN_ENUM_CONVERSION = YES;
				CLANG_WARN_INFINITE_RECURSION = YES;
				CLANG_WARN_INT_CONVERSION = YES;
				CLANG_WARN_NON_LITERAL_NULL_CONVERSION = YES;
				CLANG_WARN_OBJC_IMPLICIT_RETAIN_SELF = YES;
				CLANG_WARN_OBJC_LITERAL_CONVERSION = YES;
				CLANG_WARN_OBJC_ROOT_CLASS = YES_ERROR;
				CLANG_WARN_RANGE_LOOP_ANALYSIS = YES;
				CLANG_WARN_STRICT_PROTOTYPES = YES;
				CLANG_WARN_SUSPICIOUS_MOVE = YES;
				CLANG_WARN_UNGUARDED_AVAILABILITY = YES_AGGRESSIVE;
				CLANG_WARN_UNREACHABLE_CODE = YES;
				CLANG_WARN__DUPLICATE_METHOD_MATCH = YES;
				COPY_PHASE_STRIP = NO;
				DEBUG_INFORMATION_FORMAT = "dwarf-with-dsym";
				ENABLE_NS_ASSERTIONS = NO;
				ENABLE_STRICT_OBJC_MSGSEND = YES;
				GCC_C_LANGUAGE_STANDARD = gnu11;
				GCC_NO_COMMON_BLOCKS = YES;
				GCC_WARN_64_TO_32_BIT_CONVERSION = YES;
				GCC_WARN_ABOUT_RETURN_TYPE = YES_ERROR;
				GCC_WARN_UNDECLARED_SELECTOR = YES;
				GCC_WARN_UNINITIALIZED_AUTOS = YES_AGGRESSIVE;
				GCC_WARN_UNUSED_FUNCTION = YES;
				GCC_WARN_UNUSED_VARIABLE = YES;
				IPHONEOS_DEPLOYMENT_TARGET = 13.2;
				MTL_ENABLE_DEBUG_INFO = NO;
				MTL_FAST_MATH = YES;
				SDKROOT = iphoneos;
				SWIFT_COMPILATION_MODE = wholemodule;
				SWIFT_OPTIMIZATION_LEVEL = "-O";
				VALIDATE_PRODUCT = YES;
			};
			name = Release;
		};
		EA55AAFF24DC5D1900A2B92C /* Debug */ = {
			isa = XCBuildConfiguration;
			buildSettings = {
				ASSETCATALOG_COMPILER_APPICON_NAME = AppIcon;
				CODE_SIGN_STYLE = Automatic;
				INFOPLIST_FILE = "Aisha's Tabbed App/Info.plist";
				LD_RUNPATH_SEARCH_PATHS = (
					"$(inherited)",
					"@executable_path/Frameworks",
				);
				PRODUCT_BUNDLE_IDENTIFIER = "com.Aisha.Aisha-s-Tabbed-App";
				PRODUCT_NAME = "$(TARGET_NAME)";
				SWIFT_VERSION = 5.0;
				TARGETED_DEVICE_FAMILY = "1,2";
			};
			name = Debug;
		};
		EA55AB0024DC5D1900A2B92C /* Release */ = {
			isa = XCBuildConfiguration;
			buildSettings = {
				ASSETCATALOG_COMPILER_APPICON_NAME = AppIcon;
				CODE_SIGN_STYLE = Automatic;
				INFOPLIST_FILE = "Aisha's Tabbed App/Info.plist";
				LD_RUNPATH_SEARCH_PATHS = (
					"$(inherited)",
					"@executable_path/Frameworks",
				);
				PRODUCT_BUNDLE_IDENTIFIER = "com.Aisha.Aisha-s-Tabbed-App";
				PRODUCT_NAME = "$(TARGET_NAME)";
				SWIFT_VERSION = 5.0;
				TARGETED_DEVICE_FAMILY = "1,2";
			};
			name = Release;
		};
		EA55AB0224DC5D1900A2B92C /* Debug */ = {
			isa = XCBuildConfiguration;
			buildSettings = {
				ALWAYS_EMBED_SWIFT_STANDARD_LIBRARIES = YES;
				BUNDLE_LOADER = "$(TEST_HOST)";
				CODE_SIGN_STYLE = Automatic;
				INFOPLIST_FILE = "Aisha's Tabbed AppTests/Info.plist";
				IPHONEOS_DEPLOYMENT_TARGET = 13.2;
				LD_RUNPATH_SEARCH_PATHS = (
					"$(inherited)",
					"@executable_path/Frameworks",
					"@loader_path/Frameworks",
				);
				PRODUCT_BUNDLE_IDENTIFIER = "com.Aisha.Aisha-s-Tabbed-AppTests";
				PRODUCT_NAME = "$(TARGET_NAME)";
				SWIFT_VERSION = 5.0;
				TARGETED_DEVICE_FAMILY = "1,2";
				TEST_HOST = "$(BUILT_PRODUCTS_DIR)/Aisha's Tabbed App.app/Aisha's Tabbed App";
			};
			name = Debug;
		};
		EA55AB0324DC5D1900A2B92C /* Release */ = {
			isa = XCBuildConfiguration;
			buildSettings = {
				ALWAYS_EMBED_SWIFT_STANDARD_LIBRARIES = YES;
				BUNDLE_LOADER = "$(TEST_HOST)";
				CODE_SIGN_STYLE = Automatic;
				INFOPLIST_FILE = "Aisha's Tabbed AppTests/Info.plist";
				IPHONEOS_DEPLOYMENT_TARGET = 13.2;
				LD_RUNPATH_SEARCH_PATHS = (
					"$(inherited)",
					"@executable_path/Frameworks",
					"@loader_path/Frameworks",
				);
				PRODUCT_BUNDLE_IDENTIFIER = "com.Aisha.Aisha-s-Tabbed-AppTests";
				PRODUCT_NAME = "$(TARGET_NAME)";
				SWIFT_VERSION = 5.0;
				TARGETED_DEVICE_FAMILY = "1,2";
				TEST_HOST = "$(BUILT_PRODUCTS_DIR)/Aisha's Tabbed App.app/Aisha's Tabbed App";
			};
			name = Release;
		};
		EA55AB0524DC5D1900A2B92C /* Debug */ = {
			isa = XCBuildConfiguration;
			buildSettings = {
				ALWAYS_EMBED_SWIFT_STANDARD_LIBRARIES = YES;
				CODE_SIGN_STYLE = Automatic;
				INFOPLIST_FILE = "Aisha's Tabbed AppUITests/Info.plist";
				LD_RUNPATH_SEARCH_PATHS = (
					"$(inherited)",
					"@executable_path/Frameworks",
					"@loader_path/Frameworks",
				);
				PRODUCT_BUNDLE_IDENTIFIER = "com.Aisha.Aisha-s-Tabbed-AppUITests";
				PRODUCT_NAME = "$(TARGET_NAME)";
				SWIFT_VERSION = 5.0;
				TARGETED_DEVICE_FAMILY = "1,2";
				TEST_TARGET_NAME = "Aisha's Tabbed App";
			};
			name = Debug;
		};
		EA55AB0624DC5D1900A2B92C /* Release */ = {
			isa = XCBuildConfiguration;
			buildSettings = {
				ALWAYS_EMBED_SWIFT_STANDARD_LIBRARIES = YES;
				CODE_SIGN_STYLE = Automatic;
				INFOPLIST_FILE = "Aisha's Tabbed AppUITests/Info.plist";
				LD_RUNPATH_SEARCH_PATHS = (
					"$(inherited)",
					"@executable_path/Frameworks",
					"@loader_path/Frameworks",
				);
				PRODUCT_BUNDLE_IDENTIFIER = "com.Aisha.Aisha-s-Tabbed-AppUITests";
				PRODUCT_NAME = "$(TARGET_NAME)";
				SWIFT_VERSION = 5.0;
				TARGETED_DEVICE_FAMILY = "1,2";
				TEST_TARGET_NAME = "Aisha's Tabbed App";
			};
			name = Release;
		};
/* End XCBuildConfiguration section */

/* Begin XCConfigurationList section */
		EA55AACF24DC5D1700A2B92C /* Build configuration list for PBXProject "Aisha's Tabbed App" */ = {
			isa = XCConfigurationList;
			buildConfigurations = (
				EA55AAFC24DC5D1900A2B92C /* Debug */,
				EA55AAFD24DC5D1900A2B92C /* Release */,
			);
			defaultConfigurationIsVisible = 0;
			defaultConfigurationName = Release;
		};
		EA55AAFE24DC5D1900A2B92C /* Build configuration list for PBXNativeTarget "Aisha's Tabbed App" */ = {
			isa = XCConfigurationList;
			buildConfigurations = (
				EA55AAFF24DC5D1900A2B92C /* Debug */,
				EA55AB0024DC5D1900A2B92C /* Release */,
			);
			defaultConfigurationIsVisible = 0;
			defaultConfigurationName = Release;
		};
		EA55AB0124DC5D1900A2B92C /* Build configuration list for PBXNativeTarget "Aisha's Tabbed AppTests" */ = {
			isa = XCConfigurationList;
			buildConfigurations = (
				EA55AB0224DC5D1900A2B92C /* Debug */,
				EA55AB0324DC5D1900A2B92C /* Release */,
			);
			defaultConfigurationIsVisible = 0;
			defaultConfigurationName = Release;
		};
		EA55AB0424DC5D1900A2B92C /* Build configuration list for PBXNativeTarget "Aisha's Tabbed AppUITests" */ = {
			isa = XCConfigurationList;
			buildConfigurations = (
				EA55AB0524DC5D1900A2B92C /* Debug */,
				EA55AB0624DC5D1900A2B92C /* Release */,
			);
			defaultConfigurationIsVisible = 0;
			defaultConfigurationName = Release;
		};
/* End XCConfigurationList section */
	};
	rootObject = EA55AACC24DC5D1700A2B92C /* Project object */;
}
